<?xml version="1.0" encoding="utf-8"?>
<Project ToolsVersion="4.0" xmlns="http://schemas.microsoft.com/developer/msbuild/2003">
  <ItemGroup>
    <Filter Include="imgui">
      <UniqueIdentifier>{7069417c-4f59-428a-a34c-71b86592db99}</UniqueIdentifier>
    </Filter>
    <Filter Include="Source">
      <UniqueIdentifier>{4FC737F1-C7A5-4376-A066-2A32D752A2FF}</UniqueIdentifier>
      <Extensions>cpp;c;cc;cxx;c++;cppm;ixx;def;odl;idl;hpj;bat;asm;asmx</Extensions>
    </Filter>
    <Filter Include="Source\Tests">
      <UniqueIdentifier>{9245f323-8b52-4d7b-8fb7-77604e10ddd7}</UniqueIdentifier>
    </Filter>
    <Filter Include="Resources">
      <UniqueIdentifier>{67DA6AB6-F800-4c08-8B7A-83BB121AAD01}</UniqueIdentifier>
      <Extensions>rc;ico;cur;bmp;dlg;rc2;rct;bin;rgs;gif;jpg;jpeg;jpe;resx;tiff;tif;png;wav;mfcribbon-ms</Extensions>
    </Filter>
    <Filter Include="Resources\Shaders">
      <UniqueIdentifier>{93aebb1a-7245-45e0-b875-8a594f4feed2}</UniqueIdentifier>
    </Filter>
    <Filter Include="Resources\Textures">
      <UniqueIdentifier>{cbfbf915-580d-452c-984c-0563eaa46716}</UniqueIdentifier>
    </Filter>
  </ItemGroup>
  <ItemGroup>
    <ClCompile Include="Libraries\include\imgui\imgui_tables.cpp">
      <Filter>imgui</Filter>
    </ClCompile>
    <ClCompile Include="Libraries\include\imgui\imgui_widgets.cpp">
      <Filter>imgui</Filter>
    </ClCompile>
    <ClCompile Include="Libraries\include\imgui\imgui.cpp">
      <Filter>imgui</Filter>
    </ClCompile>
    <ClCompile Include="Libraries\include\imgui\imgui_demo.cpp">
      <Filter>imgui</Filter>
    </ClCompile>
    <ClCompile Include="Libraries\include\imgui\imgui_draw.cpp">
      <Filter>imgui</Filter>
    </ClCompile>
    <ClCompile Include="Libraries\include\imgui\imgui_impl_glfw.cpp">
      <Filter>imgui</Filter>
    </ClCompile>
    <ClCompile Include="Libraries\include\imgui\imgui_impl_opengl3.cpp">
      <Filter>imgui</Filter>
    </ClCompile>
    <ClCompile Include="Libraries\include\imgui\main.cpp">
      <Filter>imgui</Filter>
    </ClCompile>
    <ClCompile Include="Source\Tests\TestClearColor.cpp">
      <Filter>Source\Tests</Filter>
    </ClCompile>
    <ClCompile Include="Source\Tests\TestVertexColor.cpp">
      <Filter>Source\Tests</Filter>
    </ClCompile>
    <ClCompile Include="Source\Tests\Test2DRender.cpp">
      <Filter>Source\Tests</Filter>
    </ClCompile>
    <ClCompile Include="Source\Application.cpp">
      <Filter>Source</Filter>
    </ClCompile>
    <ClCompile Include="Source\BufferLayout.cpp">
      <Filter>Source</Filter>
    </ClCompile>
    <ClCompile Include="Source\IndexBuffer.cpp">
      <Filter>Source</Filter>
    </ClCompile>
    <ClCompile Include="Source\Renderer.cpp">
      <Filter>Source</Filter>
    </ClCompile>
    <ClCompile Include="Source\Shader.cpp">
      <Filter>Source</Filter>
    </ClCompile>
    <ClCompile Include="Source\Test.cpp">
      <Filter>Source</Filter>
    </ClCompile>
    <ClCompile Include="Source\Texture.cpp">
      <Filter>Source</Filter>
    </ClCompile>
    <ClCompile Include="Source\VertexArray.cpp">
      <Filter>Source</Filter>
    </ClCompile>
    <ClCompile Include="Source\VertexBuffer.cpp">
      <Filter>Source</Filter>
    </ClCompile>
    <ClCompile Include="Libraries\include\glad\glad.c">
      <Filter>Source</Filter>
    </ClCompile>
    <ClCompile Include="Libraries\include\stb\stb.cpp">
      <Filter>Source</Filter>
    </ClCompile>
  </ItemGroup>
  <ItemGroup>
    <ClInclude Include="Libraries\include\imgui\imgui_internal.h">
      <Filter>imgui</Filter>
    </ClInclude>
    <ClInclude Include="Libraries\include\imgui\imstb_rectpack.h">
      <Filter>imgui</Filter>
    </ClInclude>
    <ClInclude Include="Libraries\include\imgui\imstb_textedit.h">
      <Filter>imgui</Filter>
    </ClInclude>
    <ClInclude Include="Libraries\include\imgui\imstb_truetype.h">
      <Filter>imgui</Filter>
    </ClInclude>
    <ClInclude Include="Libraries\include\imgui\imconfig.h">
      <Filter>imgui</Filter>
    </ClInclude>
    <ClInclude Include="Libraries\include\imgui\imgui.h">
      <Filter>imgui</Filter>
    </ClInclude>
    <ClInclude Include="Libraries\include\imgui\imgui_impl_glfw.h">
      <Filter>imgui</Filter>
    </ClInclude>
    <ClInclude Include="Libraries\include\imgui\imgui_impl_opengl3.h">
      <Filter>imgui</Filter>
    </ClInclude>
    <ClInclude Include="Libraries\include\imgui\imgui_impl_opengl3_loader.h">
      <Filter>imgui</Filter>
    </ClInclude>
    <ClInclude Include="Source\Tests\TestClearColor.h">
      <Filter>Source\Tests</Filter>
    </ClInclude>
    <ClInclude Include="Source\Tests\TestVertexColor.h">
      <Filter>Source\Tests</Filter>
    </ClInclude>
    <ClInclude Include="Source\Tests\Test2DRender.h">
      <Filter>Source\Tests</Filter>
    </ClInclude>
    <ClInclude Include="Source\Test.h">
      <Filter>Source</Filter>
    </ClInclude>
    <ClInclude Include="Source\Texture.h">
      <Filter>Source</Filter>
    </ClInclude>
    <ClInclude Include="Source\VertexArray.h">
      <Filter>Source</Filter>
    </ClInclude>
    <ClInclude Include="Source\VertexBuffer.h">
      <Filter>Source</Filter>
    </ClInclude>
    <ClInclude Include="Source\BufferLayout.h">
      <Filter>Source</Filter>
    </ClInclude>
    <ClInclude Include="Source\IndexBuffer.h">
      <Filter>Source</Filter>
    </ClInclude>
    <ClInclude Include="Source\Renderer.h">
      <Filter>Source</Filter>
    </ClInclude>
    <ClInclude Include="Source\Shader.h">
      <Filter>Source</Filter>
    </ClInclude>
  </ItemGroup>
  <ItemGroup>
    <None Include="Resources\Shaders\TestVertexColor.shader">
      <Filter>Resources\Shaders</Filter>
    </None>
    <None Include="Resources\Shaders\Test2DRender.shader">
      <Filter>Resources\Shaders</Filter>
    </None>
  </ItemGroup>
  <ItemGroup>
    <Image Include="Resources\Textures\tex.png">
      <Filter>Resources\Textures</Filter>
    </Image>
  </ItemGroup>
</Project>